// !$*UTF8*$!
{
	archiveVersion = 1;
	classes = {
	};
	objectVersion = 46;
	objects = {

/* Begin PBXBuildFile section */
		2D028DF11B46367300BE193B /* bloqued_icon.png in Resources */ = {isa = PBXBuildFile; fileRef = 2D028DF01B46367300BE193B /* bloqued_icon.png */; };
		2D028DF51B46379000BE193B /* request_icon.png in Resources */ = {isa = PBXBuildFile; fileRef = 2D028DF41B46379000BE193B /* request_icon.png */; };
		2D028DFF1B463AF600BE193B /* nearby_icon.png in Resources */ = {isa = PBXBuildFile; fileRef = 2D028DFE1B463AF600BE193B /* nearby_icon.png */; };
		2D028E011B46410C00BE193B /* Images.xcassets in Resources */ = {isa = PBXBuildFile; fileRef = 2D028E001B46410C00BE193B /* Images.xcassets */; };
		2D028E031B46489D00BE193B /* app_icon_58.png in Resources */ = {isa = PBXBuildFile; fileRef = 2D028E021B46489D00BE193B /* app_icon_58.png */; };
		2D028E051B4648A700BE193B /* app_icon_87.png in Resources */ = {isa = PBXBuildFile; fileRef = 2D028E041B4648A700BE193B /* app_icon_87.png */; };
		2D028E071B464A7600BE193B /* app_icon_60.png in Resources */ = {isa = PBXBuildFile; fileRef = 2D028E061B464A7600BE193B /* app_icon_60.png */; };
		2D028E091B464A8000BE193B /* app_icon_72.png in Resources */ = {isa = PBXBuildFile; fileRef = 2D028E081B464A8000BE193B /* app_icon_72.png */; };
		2D028E0B1B464A8700BE193B /* app_icon_76.png in Resources */ = {isa = PBXBuildFile; fileRef = 2D028E0A1B464A8700BE193B /* app_icon_76.png */; };
		2D028E0E1B464E9900BE193B /* FirstLaunchScreenViewController.m in Sources */ = {isa = PBXBuildFile; fileRef = 2D028E0D1B464E9900BE193B /* FirstLaunchScreenViewController.m */; };
		2D5EBA991B23FBCD00D6BDF8 /* icon_25.png in Resources */ = {isa = PBXBuildFile; fileRef = 2D5EBA981B23FBCD00D6BDF8 /* icon_25.png */; };
		2D5EBA9B1B23FD2F00D6BDF8 /* icon_30.png in Resources */ = {isa = PBXBuildFile; fileRef = 2D5EBA9A1B23FD2F00D6BDF8 /* icon_30.png */; };
		2D5EBA9F1B240EA300D6BDF8 /* setting.png in Resources */ = {isa = PBXBuildFile; fileRef = 2D5EBA9E1B240EA300D6BDF8 /* setting.png */; };
		2D5EBAA11B240FF800D6BDF8 /* settings-logo.png in Resources */ = {isa = PBXBuildFile; fileRef = 2D5EBAA01B240FF800D6BDF8 /* settings-logo.png */; };
		2D5EBAA41B24125C00D6BDF8 /* SetProfilViewController.m in Sources */ = {isa = PBXBuildFile; fileRef = 2D5EBAA31B24125C00D6BDF8 /* SetProfilViewController.m */; };
		2DCF003B1B1D895A003654CA /* Blocked.m in Sources */ = {isa = PBXBuildFile; fileRef = 2DCF00201B1D895A003654CA /* Blocked.m */; };
		2DCF003C1B1D895A003654CA /* BlockedListViewController.m in Sources */ = {isa = PBXBuildFile; fileRef = 2DCF00221B1D895A003654CA /* BlockedListViewController.m */; };
		2DCF003D1B1D895A003654CA /* Contact.m in Sources */ = {isa = PBXBuildFile; fileRef = 2DCF00241B1D895A003654CA /* Contact.m */; };
		2DCF003E1B1D895A003654CA /* ContactListViewController.m in Sources */ = {isa = PBXBuildFile; fileRef = 2DCF00261B1D895A003654CA /* ContactListViewController.m */; };
		2DCF003F1B1D895A003654CA /* NearBy.m in Sources */ = {isa = PBXBuildFile; fileRef = 2DCF00281B1D895A003654CA /* NearBy.m */; };
		2DCF00401B1D895A003654CA /* NearByListViewController.m in Sources */ = {isa = PBXBuildFile; fileRef = 2DCF002A1B1D895A003654CA /* NearByListViewController.m */; };
		2DCF00411B1D895A003654CA /* Request.m in Sources */ = {isa = PBXBuildFile; fileRef = 2DCF002C1B1D895A003654CA /* Request.m */; };
		2DCF00421B1D895A003654CA /* RequestListViewController.m in Sources */ = {isa = PBXBuildFile; fileRef = 2DCF002E1B1D895A003654CA /* RequestListViewController.m */; };
		2DCF00431B1D895A003654CA /* SetBlockedViewController.m in Sources */ = {isa = PBXBuildFile; fileRef = 2DCF00301B1D895A003654CA /* SetBlockedViewController.m */; };
		2DCF00441B1D895A003654CA /* SetContactViewController.m in Sources */ = {isa = PBXBuildFile; fileRef = 2DCF00321B1D895A003654CA /* SetContactViewController.m */; };
		2DCF00451B1D895A003654CA /* SetRequestViewController.m in Sources */ = {isa = PBXBuildFile; fileRef = 2DCF00341B1D895A003654CA /* SetRequestViewController.m */; };
		2DCF00471B1D895A003654CA /* SettingViewController.m in Sources */ = {isa = PBXBuildFile; fileRef = 2DCF00381B1D895A003654CA /* SettingViewController.m */; };
		2DCF00481B1D895A003654CA /* SetUnknownViewController.m in Sources */ = {isa = PBXBuildFile; fileRef = 2DCF003A1B1D895A003654CA /* SetUnknownViewController.m */; };
		2DCF00491B1DCD01003654CA /* Main.storyboard in Resources */ = {isa = PBXBuildFile; fileRef = 2DCF004B1B1DCD01003654CA /* Main.storyboard */; };
		76687AFD1622039C00707588 /* UIBubbleTypingTableViewCell.m in Sources */ = {isa = PBXBuildFile; fileRef = 76687AFC1622039C00707588 /* UIBubbleTypingTableViewCell.m */; };
		76D097CC1621F0E000C17816 /* UIBubbleHeaderTableViewCell.m in Sources */ = {isa = PBXBuildFile; fileRef = 76D097CB1621F0E000C17816 /* UIBubbleHeaderTableViewCell.m */; };
		76ED206315BF096C00E186D3 /* UIKit.framework in Frameworks */ = {isa = PBXBuildFile; fileRef = 76ED206215BF096C00E186D3 /* UIKit.framework */; };
		76ED206515BF096C00E186D3 /* Foundation.framework in Frameworks */ = {isa = PBXBuildFile; fileRef = 76ED206415BF096C00E186D3 /* Foundation.framework */; };
		76ED206715BF096C00E186D3 /* CoreGraphics.framework in Frameworks */ = {isa = PBXBuildFile; fileRef = 76ED206615BF096C00E186D3 /* CoreGraphics.framework */; };
		76ED206D15BF096C00E186D3 /* InfoPlist.strings in Resources */ = {isa = PBXBuildFile; fileRef = 76ED206B15BF096C00E186D3 /* InfoPlist.strings */; };
		76ED206F15BF096C00E186D3 /* main.m in Sources */ = {isa = PBXBuildFile; fileRef = 76ED206E15BF096C00E186D3 /* main.m */; };
		76ED207315BF096C00E186D3 /* AppDelegate.m in Sources */ = {isa = PBXBuildFile; fileRef = 76ED207215BF096C00E186D3 /* AppDelegate.m */; };
		76ED207615BF096C00E186D3 /* ConversationViewController.m in Sources */ = {isa = PBXBuildFile; fileRef = 76ED207515BF096C00E186D3 /* ConversationViewController.m */; };
		76ED208715BF09E300E186D3 /* UIBubbleTableView.m in Sources */ = {isa = PBXBuildFile; fileRef = 76ED208615BF09E300E186D3 /* UIBubbleTableView.m */; };
		76ED208B15BF0BB100E186D3 /* NSBubbleData.m in Sources */ = {isa = PBXBuildFile; fileRef = 76ED208A15BF0BB100E186D3 /* NSBubbleData.m */; };
		76ED209415BF29EE00E186D3 /* UIBubbleTableViewCell.m in Sources */ = {isa = PBXBuildFile; fileRef = 76ED209315BF29EE00E186D3 /* UIBubbleTableViewCell.m */; };
		C836D5CA1625CBA5004CB4A9 /* missingAvatar.png in Resources */ = {isa = PBXBuildFile; fileRef = C836D5C81625CBA5004CB4A9 /* missingAvatar.png */; };
		C836D5CB1625CBA5004CB4A9 /* missingAvatar@2x.png in Resources */ = {isa = PBXBuildFile; fileRef = C836D5C91625CBA5004CB4A9 /* missingAvatar@2x.png */; };
		C83B107915DE43180067DADE /* bubbleMine.png in Resources */ = {isa = PBXBuildFile; fileRef = C83B107115DE43180067DADE /* bubbleMine.png */; };
		C83B107A15DE43180067DADE /* bubbleMine@2x.png in Resources */ = {isa = PBXBuildFile; fileRef = C83B107215DE43180067DADE /* bubbleMine@2x.png */; };
		C83B107B15DE43180067DADE /* bubbleSomeone.png in Resources */ = {isa = PBXBuildFile; fileRef = C83B107315DE43180067DADE /* bubbleSomeone.png */; };
		C83B107C15DE43180067DADE /* bubbleSomeone@2x.png in Resources */ = {isa = PBXBuildFile; fileRef = C83B107415DE43180067DADE /* bubbleSomeone@2x.png */; };
		C83B107D15DE43180067DADE /* typingMine.png in Resources */ = {isa = PBXBuildFile; fileRef = C83B107515DE43180067DADE /* typingMine.png */; };
		C83B107E15DE43180067DADE /* typingMine@2x.png in Resources */ = {isa = PBXBuildFile; fileRef = C83B107615DE43180067DADE /* typingMine@2x.png */; };
		C83B107F15DE43180067DADE /* typingSomeone.png in Resources */ = {isa = PBXBuildFile; fileRef = C83B107715DE43180067DADE /* typingSomeone.png */; };
		C83B108015DE43180067DADE /* typingSomeone@2x.png in Resources */ = {isa = PBXBuildFile; fileRef = C83B107815DE43180067DADE /* typingSomeone@2x.png */; };
/* End PBXBuildFile section */

/* Begin PBXFileReference section */
		2D028DF01B46367300BE193B /* bloqued_icon.png */ = {isa = PBXFileReference; lastKnownFileType = image.png; path = bloqued_icon.png; sourceTree = "<group>"; };
		2D028DF41B46379000BE193B /* request_icon.png */ = {isa = PBXFileReference; lastKnownFileType = image.png; path = request_icon.png; sourceTree = "<group>"; };
		2D028DFE1B463AF600BE193B /* nearby_icon.png */ = {isa = PBXFileReference; lastKnownFileType = image.png; path = nearby_icon.png; sourceTree = "<group>"; };
		2D028E001B46410C00BE193B /* Images.xcassets */ = {isa = PBXFileReference; lastKnownFileType = folder.assetcatalog; path = Images.xcassets; sourceTree = "<group>"; };
		2D028E021B46489D00BE193B /* app_icon_58.png */ = {isa = PBXFileReference; lastKnownFileType = image.png; path = app_icon_58.png; sourceTree = "<group>"; };
		2D028E041B4648A700BE193B /* app_icon_87.png */ = {isa = PBXFileReference; lastKnownFileType = image.png; path = app_icon_87.png; sourceTree = "<group>"; };
		2D028E061B464A7600BE193B /* app_icon_60.png */ = {isa = PBXFileReference; lastKnownFileType = image.png; path = app_icon_60.png; sourceTree = "<group>"; };
		2D028E081B464A8000BE193B /* app_icon_72.png */ = {isa = PBXFileReference; lastKnownFileType = image.png; path = app_icon_72.png; sourceTree = "<group>"; };
		2D028E0A1B464A8700BE193B /* app_icon_76.png */ = {isa = PBXFileReference; lastKnownFileType = image.png; path = app_icon_76.png; sourceTree = "<group>"; };
		2D028E0C1B464E9900BE193B /* FirstLaunchScreenViewController.h */ = {isa = PBXFileReference; fileEncoding = 4; lastKnownFileType = sourcecode.c.h; path = FirstLaunchScreenViewController.h; sourceTree = "<group>"; };
		2D028E0D1B464E9900BE193B /* FirstLaunchScreenViewController.m */ = {isa = PBXFileReference; fileEncoding = 4; lastKnownFileType = sourcecode.c.objc; path = FirstLaunchScreenViewController.m; sourceTree = "<group>"; };
		2D5EBA981B23FBCD00D6BDF8 /* icon_25.png */ = {isa = PBXFileReference; lastKnownFileType = image.png; path = icon_25.png; sourceTree = "<group>"; };
		2D5EBA9A1B23FD2F00D6BDF8 /* icon_30.png */ = {isa = PBXFileReference; lastKnownFileType = image.png; path = icon_30.png; sourceTree = "<group>"; };
		2D5EBA9E1B240EA300D6BDF8 /* setting.png */ = {isa = PBXFileReference; lastKnownFileType = image.png; path = setting.png; sourceTree = "<group>"; };
		2D5EBAA01B240FF800D6BDF8 /* settings-logo.png */ = {isa = PBXFileReference; lastKnownFileType = image.png; path = "settings-logo.png"; sourceTree = "<group>"; };
		2D5EBAA21B24125C00D6BDF8 /* SetProfilViewController.h */ = {isa = PBXFileReference; fileEncoding = 4; lastKnownFileType = sourcecode.c.h; path = SetProfilViewController.h; sourceTree = "<group>"; };
		2D5EBAA31B24125C00D6BDF8 /* SetProfilViewController.m */ = {isa = PBXFileReference; fileEncoding = 4; lastKnownFileType = sourcecode.c.objc; path = SetProfilViewController.m; sourceTree = "<group>"; };
		2DCF001F1B1D895A003654CA /* Blocked.h */ = {isa = PBXFileReference; fileEncoding = 4; lastKnownFileType = sourcecode.c.h; path = Blocked.h; sourceTree = "<group>"; };
		2DCF00201B1D895A003654CA /* Blocked.m */ = {isa = PBXFileReference; fileEncoding = 4; lastKnownFileType = sourcecode.c.objc; path = Blocked.m; sourceTree = "<group>"; };
		2DCF00211B1D895A003654CA /* BlockedListViewController.h */ = {isa = PBXFileReference; fileEncoding = 4; lastKnownFileType = sourcecode.c.h; path = BlockedListViewController.h; sourceTree = "<group>"; };
		2DCF00221B1D895A003654CA /* BlockedListViewController.m */ = {isa = PBXFileReference; fileEncoding = 4; lastKnownFileType = sourcecode.c.objc; path = BlockedListViewController.m; sourceTree = "<group>"; };
		2DCF00231B1D895A003654CA /* Contact.h */ = {isa = PBXFileReference; fileEncoding = 4; lastKnownFileType = sourcecode.c.h; path = Contact.h; sourceTree = "<group>"; };
		2DCF00241B1D895A003654CA /* Contact.m */ = {isa = PBXFileReference; fileEncoding = 4; lastKnownFileType = sourcecode.c.objc; path = Contact.m; sourceTree = "<group>"; };
		2DCF00251B1D895A003654CA /* ContactListViewController.h */ = {isa = PBXFileReference; fileEncoding = 4; lastKnownFileType = sourcecode.c.h; path = ContactListViewController.h; sourceTree = "<group>"; };
		2DCF00261B1D895A003654CA /* ContactListViewController.m */ = {isa = PBXFileReference; fileEncoding = 4; lastKnownFileType = sourcecode.c.objc; path = ContactListViewController.m; sourceTree = "<group>"; };
		2DCF00271B1D895A003654CA /* NearBy.h */ = {isa = PBXFileReference; fileEncoding = 4; lastKnownFileType = sourcecode.c.h; path = NearBy.h; sourceTree = "<group>"; };
		2DCF00281B1D895A003654CA /* NearBy.m */ = {isa = PBXFileReference; fileEncoding = 4; lastKnownFileType = sourcecode.c.objc; path = NearBy.m; sourceTree = "<group>"; };
		2DCF00291B1D895A003654CA /* NearByListViewController.h */ = {isa = PBXFileReference; fileEncoding = 4; lastKnownFileType = sourcecode.c.h; path = NearByListViewController.h; sourceTree = "<group>"; };
		2DCF002A1B1D895A003654CA /* NearByListViewController.m */ = {isa = PBXFileReference; fileEncoding = 4; lastKnownFileType = sourcecode.c.objc; path = NearByListViewController.m; sourceTree = "<group>"; };
		2DCF002B1B1D895A003654CA /* Request.h */ = {isa = PBXFileReference; fileEncoding = 4; lastKnownFileType = sourcecode.c.h; path = Request.h; sourceTree = "<group>"; };
		2DCF002C1B1D895A003654CA /* Request.m */ = {isa = PBXFileReference; fileEncoding = 4; lastKnownFileType = sourcecode.c.objc; path = Request.m; sourceTree = "<group>"; };
		2DCF002D1B1D895A003654CA /* RequestListViewController.h */ = {isa = PBXFileReference; fileEncoding = 4; lastKnownFileType = sourcecode.c.h; path = RequestListViewController.h; sourceTree = "<group>"; };
		2DCF002E1B1D895A003654CA /* RequestListViewController.m */ = {isa = PBXFileReference; fileEncoding = 4; lastKnownFileType = sourcecode.c.objc; path = RequestListViewController.m; sourceTree = "<group>"; };
		2DCF002F1B1D895A003654CA /* SetBlockedViewController.h */ = {isa = PBXFileReference; fileEncoding = 4; lastKnownFileType = sourcecode.c.h; path = SetBlockedViewController.h; sourceTree = "<group>"; };
		2DCF00301B1D895A003654CA /* SetBlockedViewController.m */ = {isa = PBXFileReference; fileEncoding = 4; lastKnownFileType = sourcecode.c.objc; path = SetBlockedViewController.m; sourceTree = "<group>"; };
		2DCF00311B1D895A003654CA /* SetContactViewController.h */ = {isa = PBXFileReference; fileEncoding = 4; lastKnownFileType = sourcecode.c.h; path = SetContactViewController.h; sourceTree = "<group>"; };
		2DCF00321B1D895A003654CA /* SetContactViewController.m */ = {isa = PBXFileReference; fileEncoding = 4; lastKnownFileType = sourcecode.c.objc; path = SetContactViewController.m; sourceTree = "<group>"; };
		2DCF00331B1D895A003654CA /* SetRequestViewController.h */ = {isa = PBXFileReference; fileEncoding = 4; lastKnownFileType = sourcecode.c.h; path = SetRequestViewController.h; sourceTree = "<group>"; };
		2DCF00341B1D895A003654CA /* SetRequestViewController.m */ = {isa = PBXFileReference; fileEncoding = 4; lastKnownFileType = sourcecode.c.objc; path = SetRequestViewController.m; sourceTree = "<group>"; };
		2DCF00371B1D895A003654CA /* SettingViewController.h */ = {isa = PBXFileReference; fileEncoding = 4; lastKnownFileType = sourcecode.c.h; path = SettingViewController.h; sourceTree = "<group>"; };
		2DCF00381B1D895A003654CA /* SettingViewController.m */ = {isa = PBXFileReference; fileEncoding = 4; lastKnownFileType = sourcecode.c.objc; path = SettingViewController.m; sourceTree = "<group>"; };
		2DCF00391B1D895A003654CA /* SetUnknownViewController.h */ = {isa = PBXFileReference; fileEncoding = 4; lastKnownFileType = sourcecode.c.h; path = SetUnknownViewController.h; sourceTree = "<group>"; };
		2DCF003A1B1D895A003654CA /* SetUnknownViewController.m */ = {isa = PBXFileReference; fileEncoding = 4; lastKnownFileType = sourcecode.c.objc; path = SetUnknownViewController.m; sourceTree = "<group>"; };
		2DCF004A1B1DCD01003654CA /* en */ = {isa = PBXFileReference; lastKnownFileType = file.storyboard; name = en; path = en.lproj/Main.storyboard; sourceTree = "<group>"; };
		76687AFB1622039C00707588 /* UIBubbleTypingTableViewCell.h */ = {isa = PBXFileReference; fileEncoding = 4; lastKnownFileType = sourcecode.c.h; name = UIBubbleTypingTableViewCell.h; path = ../../src/UIBubbleTypingTableViewCell.h; sourceTree = "<group>"; };
		76687AFC1622039C00707588 /* UIBubbleTypingTableViewCell.m */ = {isa = PBXFileReference; fileEncoding = 4; lastKnownFileType = sourcecode.c.objc; name = UIBubbleTypingTableViewCell.m; path = ../../src/UIBubbleTypingTableViewCell.m; sourceTree = "<group>"; };
		76D097CA1621F0E000C17816 /* UIBubbleHeaderTableViewCell.h */ = {isa = PBXFileReference; fileEncoding = 4; lastKnownFileType = sourcecode.c.h; name = UIBubbleHeaderTableViewCell.h; path = ../../src/UIBubbleHeaderTableViewCell.h; sourceTree = "<group>"; };
		76D097CB1621F0E000C17816 /* UIBubbleHeaderTableViewCell.m */ = {isa = PBXFileReference; fileEncoding = 4; lastKnownFileType = sourcecode.c.objc; name = UIBubbleHeaderTableViewCell.m; path = ../../src/UIBubbleHeaderTableViewCell.m; sourceTree = "<group>"; };
		76ED205E15BF096C00E186D3 /* ServalExample.app */ = {isa = PBXFileReference; explicitFileType = wrapper.application; includeInIndex = 0; path = ServalExample.app; sourceTree = BUILT_PRODUCTS_DIR; };
		76ED206215BF096C00E186D3 /* UIKit.framework */ = {isa = PBXFileReference; lastKnownFileType = wrapper.framework; name = UIKit.framework; path = System/Library/Frameworks/UIKit.framework; sourceTree = SDKROOT; };
		76ED206415BF096C00E186D3 /* Foundation.framework */ = {isa = PBXFileReference; lastKnownFileType = wrapper.framework; name = Foundation.framework; path = System/Library/Frameworks/Foundation.framework; sourceTree = SDKROOT; };
		76ED206615BF096C00E186D3 /* CoreGraphics.framework */ = {isa = PBXFileReference; lastKnownFileType = wrapper.framework; name = CoreGraphics.framework; path = System/Library/Frameworks/CoreGraphics.framework; sourceTree = SDKROOT; };
		76ED206A15BF096C00E186D3 /* ServalExample-Info.plist */ = {isa = PBXFileReference; lastKnownFileType = text.plist.xml; path = "ServalExample-Info.plist"; sourceTree = "<group>"; };
		76ED206C15BF096C00E186D3 /* en */ = {isa = PBXFileReference; lastKnownFileType = text.plist.strings; name = en; path = en.lproj/InfoPlist.strings; sourceTree = "<group>"; };
		76ED206E15BF096C00E186D3 /* main.m */ = {isa = PBXFileReference; lastKnownFileType = sourcecode.c.objc; path = main.m; sourceTree = "<group>"; };
		76ED207015BF096C00E186D3 /* ServalExample-Prefix.pch */ = {isa = PBXFileReference; lastKnownFileType = sourcecode.c.h; path = "ServalExample-Prefix.pch"; sourceTree = "<group>"; };
		76ED207115BF096C00E186D3 /* AppDelegate.h */ = {isa = PBXFileReference; lastKnownFileType = sourcecode.c.h; path = AppDelegate.h; sourceTree = "<group>"; };
		76ED207215BF096C00E186D3 /* AppDelegate.m */ = {isa = PBXFileReference; lastKnownFileType = sourcecode.c.objc; path = AppDelegate.m; sourceTree = "<group>"; };
		76ED207415BF096C00E186D3 /* ConversationViewController.h */ = {isa = PBXFileReference; lastKnownFileType = sourcecode.c.h; path = ConversationViewController.h; sourceTree = "<group>"; };
		76ED207515BF096C00E186D3 /* ConversationViewController.m */ = {isa = PBXFileReference; lastKnownFileType = sourcecode.c.objc; path = ConversationViewController.m; sourceTree = "<group>"; };
		76ED208515BF09E300E186D3 /* UIBubbleTableView.h */ = {isa = PBXFileReference; fileEncoding = 4; lastKnownFileType = sourcecode.c.h; name = UIBubbleTableView.h; path = ../../src/UIBubbleTableView.h; sourceTree = "<group>"; };
		76ED208615BF09E300E186D3 /* UIBubbleTableView.m */ = {isa = PBXFileReference; fileEncoding = 4; lastKnownFileType = sourcecode.c.objc; name = UIBubbleTableView.m; path = ../../src/UIBubbleTableView.m; sourceTree = "<group>"; };
		76ED208815BF0B4400E186D3 /* UIBubbleTableViewDataSource.h */ = {isa = PBXFileReference; lastKnownFileType = sourcecode.c.h; name = UIBubbleTableViewDataSource.h; path = ../../src/UIBubbleTableViewDataSource.h; sourceTree = "<group>"; };
		76ED208915BF0BB100E186D3 /* NSBubbleData.h */ = {isa = PBXFileReference; fileEncoding = 4; lastKnownFileType = sourcecode.c.h; name = NSBubbleData.h; path = ../../src/NSBubbleData.h; sourceTree = "<group>"; };
		76ED208A15BF0BB100E186D3 /* NSBubbleData.m */ = {isa = PBXFileReference; fileEncoding = 4; lastKnownFileType = sourcecode.c.objc; name = NSBubbleData.m; path = ../../src/NSBubbleData.m; sourceTree = "<group>"; };
		76ED209215BF29EE00E186D3 /* UIBubbleTableViewCell.h */ = {isa = PBXFileReference; fileEncoding = 4; lastKnownFileType = sourcecode.c.h; name = UIBubbleTableViewCell.h; path = ../../src/UIBubbleTableViewCell.h; sourceTree = "<group>"; };
		76ED209315BF29EE00E186D3 /* UIBubbleTableViewCell.m */ = {isa = PBXFileReference; fileEncoding = 4; lastKnownFileType = sourcecode.c.objc; name = UIBubbleTableViewCell.m; path = ../../src/UIBubbleTableViewCell.m; sourceTree = "<group>"; };
		C836D5C81625CBA5004CB4A9 /* missingAvatar.png */ = {isa = PBXFileReference; lastKnownFileType = image.png; path = missingAvatar.png; sourceTree = "<group>"; };
		C836D5C91625CBA5004CB4A9 /* missingAvatar@2x.png */ = {isa = PBXFileReference; lastKnownFileType = image.png; path = "missingAvatar@2x.png"; sourceTree = "<group>"; };
		C83B107115DE43180067DADE /* bubbleMine.png */ = {isa = PBXFileReference; lastKnownFileType = image.png; path = bubbleMine.png; sourceTree = "<group>"; };
		C83B107215DE43180067DADE /* bubbleMine@2x.png */ = {isa = PBXFileReference; lastKnownFileType = image.png; path = "bubbleMine@2x.png"; sourceTree = "<group>"; };
		C83B107315DE43180067DADE /* bubbleSomeone.png */ = {isa = PBXFileReference; lastKnownFileType = image.png; path = bubbleSomeone.png; sourceTree = "<group>"; };
		C83B107415DE43180067DADE /* bubbleSomeone@2x.png */ = {isa = PBXFileReference; lastKnownFileType = image.png; path = "bubbleSomeone@2x.png"; sourceTree = "<group>"; };
		C83B107515DE43180067DADE /* typingMine.png */ = {isa = PBXFileReference; lastKnownFileType = image.png; path = typingMine.png; sourceTree = "<group>"; };
		C83B107615DE43180067DADE /* typingMine@2x.png */ = {isa = PBXFileReference; lastKnownFileType = image.png; path = "typingMine@2x.png"; sourceTree = "<group>"; };
		C83B107715DE43180067DADE /* typingSomeone.png */ = {isa = PBXFileReference; lastKnownFileType = image.png; path = typingSomeone.png; sourceTree = "<group>"; };
		C83B107815DE43180067DADE /* typingSomeone@2x.png */ = {isa = PBXFileReference; lastKnownFileType = image.png; path = "typingSomeone@2x.png"; sourceTree = "<group>"; };
/* End PBXFileReference section */

/* Begin PBXFrameworksBuildPhase section */
		76ED205B15BF096C00E186D3 /* Frameworks */ = {
			isa = PBXFrameworksBuildPhase;
			buildActionMask = 2147483647;
			files = (
				76ED206315BF096C00E186D3 /* UIKit.framework in Frameworks */,
				76ED206515BF096C00E186D3 /* Foundation.framework in Frameworks */,
				76ED206715BF096C00E186D3 /* CoreGraphics.framework in Frameworks */,
			);
			runOnlyForDeploymentPostprocessing = 0;
		};
/* End PBXFrameworksBuildPhase section */

/* Begin PBXGroup section */
		76ED205315BF096C00E186D3 = {
			isa = PBXGroup;
			children = (
				76ED206815BF096C00E186D3 /* UIBubbleTableViewExample */,
				76ED206115BF096C00E186D3 /* Frameworks */,
				76ED205F15BF096C00E186D3 /* Products */,
			);
			sourceTree = "<group>";
		};
		76ED205F15BF096C00E186D3 /* Products */ = {
			isa = PBXGroup;
			children = (
				76ED205E15BF096C00E186D3 /* ServalExample.app */,
			);
			name = Products;
			sourceTree = "<group>";
		};
		76ED206115BF096C00E186D3 /* Frameworks */ = {
			isa = PBXGroup;
			children = (
				76ED206215BF096C00E186D3 /* UIKit.framework */,
				76ED206415BF096C00E186D3 /* Foundation.framework */,
				76ED206615BF096C00E186D3 /* CoreGraphics.framework */,
			);
			name = Frameworks;
			sourceTree = "<group>";
		};
		76ED206815BF096C00E186D3 /* UIBubbleTableViewExample */ = {
			isa = PBXGroup;
			children = (
				2DCF001F1B1D895A003654CA /* Blocked.h */,
				2DCF00201B1D895A003654CA /* Blocked.m */,
				2D5EBAA21B24125C00D6BDF8 /* SetProfilViewController.h */,
				2D5EBAA31B24125C00D6BDF8 /* SetProfilViewController.m */,
				2DCF00211B1D895A003654CA /* BlockedListViewController.h */,
				2DCF00221B1D895A003654CA /* BlockedListViewController.m */,
				2DCF00231B1D895A003654CA /* Contact.h */,
				2DCF00241B1D895A003654CA /* Contact.m */,
				2DCF00251B1D895A003654CA /* ContactListViewController.h */,
				2DCF00261B1D895A003654CA /* ContactListViewController.m */,
				2DCF00271B1D895A003654CA /* NearBy.h */,
				2DCF00281B1D895A003654CA /* NearBy.m */,
				2DCF00291B1D895A003654CA /* NearByListViewController.h */,
				2DCF002A1B1D895A003654CA /* NearByListViewController.m */,
				2DCF002B1B1D895A003654CA /* Request.h */,
				2DCF002C1B1D895A003654CA /* Request.m */,
				2DCF002D1B1D895A003654CA /* RequestListViewController.h */,
				2DCF002E1B1D895A003654CA /* RequestListViewController.m */,
				2DCF002F1B1D895A003654CA /* SetBlockedViewController.h */,
				2D028E001B46410C00BE193B /* Images.xcassets */,
				2DCF00301B1D895A003654CA /* SetBlockedViewController.m */,
				2DCF00311B1D895A003654CA /* SetContactViewController.h */,
				2DCF00321B1D895A003654CA /* SetContactViewController.m */,
				2DCF00331B1D895A003654CA /* SetRequestViewController.h */,
				2DCF00341B1D895A003654CA /* SetRequestViewController.m */,
				2DCF00371B1D895A003654CA /* SettingViewController.h */,
				2DCF00381B1D895A003654CA /* SettingViewController.m */,
				2DCF00391B1D895A003654CA /* SetUnknownViewController.h */,
				2DCF003A1B1D895A003654CA /* SetUnknownViewController.m */,
				C83B107015DE43180067DADE /* images */,
				76ED208315BF09AD00E186D3 /* src */,
				76ED207115BF096C00E186D3 /* AppDelegate.h */,
				76ED207215BF096C00E186D3 /* AppDelegate.m */,
				76ED207415BF096C00E186D3 /* ConversationViewController.h */,
				76ED207515BF096C00E186D3 /* ConversationViewController.m */,
				2DCF004B1B1DCD01003654CA /* Main.storyboard */,
				2D028E0C1B464E9900BE193B /* FirstLaunchScreenViewController.h */,
				2D028E0D1B464E9900BE193B /* FirstLaunchScreenViewController.m */,
				76ED206915BF096C00E186D3 /* Supporting Files */,
			);
			path = UIBubbleTableViewExample;
			sourceTree = "<group>";
		};
		76ED206915BF096C00E186D3 /* Supporting Files */ = {
			isa = PBXGroup;
			children = (
				2D028DF01B46367300BE193B /* bloqued_icon.png */,
				2D028DFE1B463AF600BE193B /* nearby_icon.png */,
				2D028E021B46489D00BE193B /* app_icon_58.png */,
				2D028E081B464A8000BE193B /* app_icon_72.png */,
				2D028E0A1B464A8700BE193B /* app_icon_76.png */,
				2D028E061B464A7600BE193B /* app_icon_60.png */,
				2D028E041B4648A700BE193B /* app_icon_87.png */,
				2D028DF41B46379000BE193B /* request_icon.png */,
				2D5EBA9A1B23FD2F00D6BDF8 /* icon_30.png */,
				2D5EBAA01B240FF800D6BDF8 /* settings-logo.png */,
				2D5EBA9E1B240EA300D6BDF8 /* setting.png */,
				2D5EBA981B23FBCD00D6BDF8 /* icon_25.png */,
				76ED206A15BF096C00E186D3 /* ServalExample-Info.plist */,
				76ED206B15BF096C00E186D3 /* InfoPlist.strings */,
				76ED206E15BF096C00E186D3 /* main.m */,
				76ED207015BF096C00E186D3 /* ServalExample-Prefix.pch */,
			);
			name = "Supporting Files";
			sourceTree = "<group>";
		};
		76ED208315BF09AD00E186D3 /* src */ = {
			isa = PBXGroup;
			children = (
				76ED208915BF0BB100E186D3 /* NSBubbleData.h */,
				76ED208A15BF0BB100E186D3 /* NSBubbleData.m */,
				76ED208515BF09E300E186D3 /* UIBubbleTableView.h */,
				76ED208615BF09E300E186D3 /* UIBubbleTableView.m */,
				76ED209215BF29EE00E186D3 /* UIBubbleTableViewCell.h */,
				76ED209315BF29EE00E186D3 /* UIBubbleTableViewCell.m */,
				76D097CA1621F0E000C17816 /* UIBubbleHeaderTableViewCell.h */,
				76D097CB1621F0E000C17816 /* UIBubbleHeaderTableViewCell.m */,
				76687AFB1622039C00707588 /* UIBubbleTypingTableViewCell.h */,
				76687AFC1622039C00707588 /* UIBubbleTypingTableViewCell.m */,
				76ED208815BF0B4400E186D3 /* UIBubbleTableViewDataSource.h */,
			);
			name = src;
			sourceTree = "<group>";
		};
		C83B107015DE43180067DADE /* images */ = {
			isa = PBXGroup;
			children = (
				C83B107115DE43180067DADE /* bubbleMine.png */,
				C83B107215DE43180067DADE /* bubbleMine@2x.png */,
				C83B107315DE43180067DADE /* bubbleSomeone.png */,
				C83B107415DE43180067DADE /* bubbleSomeone@2x.png */,
				C836D5C81625CBA5004CB4A9 /* missingAvatar.png */,
				C836D5C91625CBA5004CB4A9 /* missingAvatar@2x.png */,
				C83B107515DE43180067DADE /* typingMine.png */,
				C83B107615DE43180067DADE /* typingMine@2x.png */,
				C83B107715DE43180067DADE /* typingSomeone.png */,
				C83B107815DE43180067DADE /* typingSomeone@2x.png */,
			);
			name = images;
			path = ../../images;
			sourceTree = "<group>";
		};
/* End PBXGroup section */

/* Begin PBXNativeTarget section */
		76ED205D15BF096C00E186D3 /* ServalExample */ = {
			isa = PBXNativeTarget;
			buildConfigurationList = 76ED207C15BF096C00E186D3 /* Build configuration list for PBXNativeTarget "ServalExample" */;
			buildPhases = (
				76ED205A15BF096C00E186D3 /* Sources */,
				76ED205B15BF096C00E186D3 /* Frameworks */,
				76ED205C15BF096C00E186D3 /* Resources */,
			);
			buildRules = (
			);
			dependencies = (
			);
			name = ServalExample;
			productName = UIBubbleTableViewExample;
			productReference = 76ED205E15BF096C00E186D3 /* ServalExample.app */;
			productType = "com.apple.product-type.application";
		};
/* End PBXNativeTarget section */

/* Begin PBXProject section */
		76ED205515BF096C00E186D3 /* Project object */ = {
			isa = PBXProject;
			attributes = {
				LastUpgradeCheck = 0610;
			};
			buildConfigurationList = 76ED205815BF096C00E186D3 /* Build configuration list for PBXProject "ServalExample" */;
			compatibilityVersion = "Xcode 3.2";
			developmentRegion = English;
			hasScannedForEncodings = 0;
			knownRegions = (
				en,
			);
			mainGroup = 76ED205315BF096C00E186D3;
			productRefGroup = 76ED205F15BF096C00E186D3 /* Products */;
			projectDirPath = "";
			projectRoot = "";
			targets = (
				76ED205D15BF096C00E186D3 /* ServalExample */,
			);
		};
/* End PBXProject section */

/* Begin PBXResourcesBuildPhase section */
		76ED205C15BF096C00E186D3 /* Resources */ = {
			isa = PBXResourcesBuildPhase;
			buildActionMask = 2147483647;
			files = (
				76ED206D15BF096C00E186D3 /* InfoPlist.strings in Resources */,
				2D5EBA9B1B23FD2F00D6BDF8 /* icon_30.png in Resources */,
				C83B107915DE43180067DADE /* bubbleMine.png in Resources */,
				2D028E0B1B464A8700BE193B /* app_icon_76.png in Resources */,
				2D028E051B4648A700BE193B /* app_icon_87.png in Resources */,
				2D028DF51B46379000BE193B /* request_icon.png in Resources */,
				C83B107A15DE43180067DADE /* bubbleMine@2x.png in Resources */,
				2DCF00491B1DCD01003654CA /* Main.storyboard in Resources */,
				C83B107B15DE43180067DADE /* bubbleSomeone.png in Resources */,
				C83B107C15DE43180067DADE /* bubbleSomeone@2x.png in Resources */,
				C83B107D15DE43180067DADE /* typingMine.png in Resources */,
				2D028E031B46489D00BE193B /* app_icon_58.png in Resources */,
				2D028E011B46410C00BE193B /* Images.xcassets in Resources */,
				C83B107E15DE43180067DADE /* typingMine@2x.png in Resources */,
				C83B107F15DE43180067DADE /* typingSomeone.png in Resources */,
				C83B108015DE43180067DADE /* typingSomeone@2x.png in Resources */,
				2D028E091B464A8000BE193B /* app_icon_72.png in Resources */,
				2D028DFF1B463AF600BE193B /* nearby_icon.png in Resources */,
				2D5EBAA11B240FF800D6BDF8 /* settings-logo.png in Resources */,
				C836D5CA1625CBA5004CB4A9 /* missingAvatar.png in Resources */,
				C836D5CB1625CBA5004CB4A9 /* missingAvatar@2x.png in Resources */,
				2D5EBA9F1B240EA300D6BDF8 /* setting.png in Resources */,
				2D028DF11B46367300BE193B /* bloqued_icon.png in Resources */,
				2D028E071B464A7600BE193B /* app_icon_60.png in Resources */,
				2D5EBA991B23FBCD00D6BDF8 /* icon_25.png in Resources */,
			);
			runOnlyForDeploymentPostprocessing = 0;
		};
/* End PBXResourcesBuildPhase section */

/* Begin PBXSourcesBuildPhase section */
		76ED205A15BF096C00E186D3 /* Sources */ = {
			isa = PBXSourcesBuildPhase;
			buildActionMask = 2147483647;
			files = (
				2DCF003B1B1D895A003654CA /* Blocked.m in Sources */,
				2DCF003E1B1D895A003654CA /* ContactListViewController.m in Sources */,
				2DCF00481B1D895A003654CA /* SetUnknownViewController.m in Sources */,
				76ED206F15BF096C00E186D3 /* main.m in Sources */,
				76ED207315BF096C00E186D3 /* AppDelegate.m in Sources */,
				76ED207615BF096C00E186D3 /* ConversationViewController.m in Sources */,
				76ED208715BF09E300E186D3 /* UIBubbleTableView.m in Sources */,
				2DCF003F1B1D895A003654CA /* NearBy.m in Sources */,
				76ED208B15BF0BB100E186D3 /* NSBubbleData.m in Sources */,
				76ED209415BF29EE00E186D3 /* UIBubbleTableViewCell.m in Sources */,
				2DCF003D1B1D895A003654CA /* Contact.m in Sources */,
				2D5EBAA41B24125C00D6BDF8 /* SetProfilViewController.m in Sources */,
				2DCF00421B1D895A003654CA /* RequestListViewController.m in Sources */,
				76D097CC1621F0E000C17816 /* UIBubbleHeaderTableViewCell.m in Sources */,
				2DCF00431B1D895A003654CA /* SetBlockedViewController.m in Sources */,
				2DCF00411B1D895A003654CA /* Request.m in Sources */,
				76687AFD1622039C00707588 /* UIBubbleTypingTableViewCell.m in Sources */,
				2DCF003C1B1D895A003654CA /* BlockedListViewController.m in Sources */,
				2DCF00451B1D895A003654CA /* SetRequestViewController.m in Sources */,
				2DCF00471B1D895A003654CA /* SettingViewController.m in Sources */,
				2DCF00441B1D895A003654CA /* SetContactViewController.m in Sources */,
				2DCF00401B1D895A003654CA /* NearByListViewController.m in Sources */,
				2D028E0E1B464E9900BE193B /* FirstLaunchScreenViewController.m in Sources */,
			);
			runOnlyForDeploymentPostprocessing = 0;
		};
/* End PBXSourcesBuildPhase section */

/* Begin PBXVariantGroup section */
		2DCF004B1B1DCD01003654CA /* Main.storyboard */ = {
			isa = PBXVariantGroup;
			children = (
				2DCF004A1B1DCD01003654CA /* en */,
			);
			name = Main.storyboard;
			sourceTree = "<group>";
		};
		76ED206B15BF096C00E186D3 /* InfoPlist.strings */ = {
			isa = PBXVariantGroup;
			children = (
				76ED206C15BF096C00E186D3 /* en */,
			);
			name = InfoPlist.strings;
			sourceTree = "<group>";
		};
/* End PBXVariantGroup section */

/* Begin XCBuildConfiguration section */
		76ED207A15BF096C00E186D3 /* Debug */ = {
			isa = XCBuildConfiguration;
			buildSettings = {
				ALWAYS_SEARCH_USER_PATHS = NO;
				CLANG_WARN_BOOL_CONVERSION = YES;
				CLANG_WARN_CONSTANT_CONVERSION = YES;
				CLANG_WARN_EMPTY_BODY = YES;
				CLANG_WARN_ENUM_CONVERSION = YES;
				CLANG_WARN_INT_CONVERSION = YES;
				CLANG_WARN_UNREACHABLE_CODE = YES;
				CLANG_WARN__DUPLICATE_METHOD_MATCH = YES;
				"CODE_SIGN_IDENTITY[sdk=iphoneos*]" = "iPhone Developer";
				COPY_PHASE_STRIP = NO;
				ENABLE_STRICT_OBJC_MSGSEND = YES;
				GCC_C_LANGUAGE_STANDARD = gnu99;
				GCC_DYNAMIC_NO_PIC = NO;
				GCC_OPTIMIZATION_LEVEL = 0;
				GCC_PREPROCESSOR_DEFINITIONS = (
					"DEBUG=1",
					"$(inherited)",
				);
				GCC_SYMBOLS_PRIVATE_EXTERN = NO;
				GCC_VERSION = com.apple.compilers.llvm.clang.1_0;
				GCC_WARN_64_TO_32_BIT_CONVERSION = YES;
				GCC_WARN_ABOUT_RETURN_TYPE = YES;
				GCC_WARN_UNDECLARED_SELECTOR = YES;
				GCC_WARN_UNINITIALIZED_AUTOS = YES;
				GCC_WARN_UNUSED_FUNCTION = YES;
				GCC_WARN_UNUSED_VARIABLE = YES;
				IPHONEOS_DEPLOYMENT_TARGET = 8.1;
				ONLY_ACTIVE_ARCH = YES;
				SDKROOT = iphoneos;
			};
			name = Debug;
		};
		76ED207B15BF096C00E186D3 /* Release */ = {
			isa = XCBuildConfiguration;
			buildSettings = {
				ALWAYS_SEARCH_USER_PATHS = NO;
				CLANG_WARN_BOOL_CONVERSION = YES;
				CLANG_WARN_CONSTANT_CONVERSION = YES;
				CLANG_WARN_EMPTY_BODY = YES;
				CLANG_WARN_ENUM_CONVERSION = YES;
				CLANG_WARN_INT_CONVERSION = YES;
				CLANG_WARN_UNREACHABLE_CODE = YES;
				CLANG_WARN__DUPLICATE_METHOD_MATCH = YES;
				"CODE_SIGN_IDENTITY[sdk=iphoneos*]" = "iPhone Developer";
				COPY_PHASE_STRIP = YES;
				ENABLE_STRICT_OBJC_MSGSEND = YES;
				GCC_C_LANGUAGE_STANDARD = gnu99;
				GCC_VERSION = com.apple.compilers.llvm.clang.1_0;
				GCC_WARN_64_TO_32_BIT_CONVERSION = YES;
				GCC_WARN_ABOUT_RETURN_TYPE = YES;
				GCC_WARN_UNDECLARED_SELECTOR = YES;
				GCC_WARN_UNINITIALIZED_AUTOS = YES;
				GCC_WARN_UNUSED_FUNCTION = YES;
				GCC_WARN_UNUSED_VARIABLE = YES;
				IPHONEOS_DEPLOYMENT_TARGET = 8.1;
				OTHER_CFLAGS = "-DNS_BLOCK_ASSERTIONS=1";
				SDKROOT = iphoneos;
				VALIDATE_PRODUCT = YES;
			};
			name = Release;
		};
		76ED207D15BF096C00E186D3 /* Debug */ = {
			isa = XCBuildConfiguration;
			buildSettings = {
				ASSETCATALOG_COMPILER_APPICON_NAME = AppIcon;
				GCC_PRECOMPILE_PREFIX_HEADER = YES;
				GCC_PREFIX_HEADER = "UIBubbleTableViewExample/ServalExample-Prefix.pch";
				INFOPLIST_FILE = "UIBubbleTableViewExample/ServalExample-Info.plist";
				IPHONEOS_DEPLOYMENT_TARGET = 6.0;
				PRODUCT_NAME = ServalExample;
				TARGETED_DEVICE_FAMILY = "1,2";
				WRAPPER_EXTENSION = app;
			};
			name = Debug;
		};
		76ED207E15BF096C00E186D3 /* Release */ = {
			isa = XCBuildConfiguration;
			buildSettings = {
				ASSETCATALOG_COMPILER_APPICON_NAME = AppIcon;
				GCC_PRECOMPILE_PREFIX_HEADER = YES;
				GCC_PREFIX_HEADER = "UIBubbleTableViewExample/ServalExample-Prefix.pch";
				INFOPLIST_FILE = "UIBubbleTableViewExample/ServalExample-Info.plist";
				IPHONEOS_DEPLOYMENT_TARGET = 6.0;
				PRODUCT_NAME = ServalExample;
				TARGETED_DEVICE_FAMILY = "1,2";
				WRAPPER_EXTENSION = app;
			};
			name = Release;
		};
/* End XCBuildConfiguration section */

/* Begin XCConfigurationList section */
		76ED205815BF096C00E186D3 /* Build configuration list for PBXProject "ServalExample" */ = {
			isa = XCConfigurationList;
			buildConfigurations = (
				76ED207A15BF096C00E186D3 /* Debug */,
				76ED207B15BF096C00E186D3 /* Release */,
			);
			defaultConfigurationIsVisible = 0;
			defaultConfigurationName = Release;
		};
		76ED207C15BF096C00E186D3 /* Build configuration list for PBXNativeTarget "ServalExample" */ = {
			isa = XCConfigurationList;
			buildConfigurations = (
				76ED207D15BF096C00E186D3 /* Debug */,
				76ED207E15BF096C00E186D3 /* Release */,
			);
			defaultConfigurationIsVisible = 0;
			defaultConfigurationName = Release;
		};
/* End XCConfigurationList section */
	};
	rootObject = 76ED205515BF096C00E186D3 /* Project object */;
}
